
Microsoft Visual Studio Solution File, Format Version 12.00
# Visual Studio Version 16
VisualStudioVersion = 16.0.29326.143
MinimumVisualStudioVersion = 10.0.40219.1
Project("{FAE04EC0-301F-11D3-BF4B-00C04F79EFBC}") = "GraduationWeb", "GraduationWeb\GraduationWeb.csproj", "{A8B6E5AC-A83E-4986-9BC3-D25D8C34F99C}"
EndProject
Global
	GlobalSection(SolutionConfigurationPlatforms) = preSolution
		Debug|Any CPU = Debug|Any CPU
		Release|Any CPU = Release|Any CPU
	EndGlobalSection
	GlobalSection(ProjectConfigurationPlatforms) = postSolution
		{A8B6E5AC-A83E-4986-9BC3-D25D8C34F99C}.Debug|Any CPU.ActiveCfg = Debug|Any CPU
		{A8B6E5AC-A83E-4986-9BC3-D25D8C34F99C}.Debug|Any CPU.Build.0 = Debug|Any CPU
		{A8B6E5AC-A83E-4986-9BC3-D25D8C34F99C}.Release|Any CPU.ActiveCfg = Release|Any CPU
		{A8B6E5AC-A83E-4986-9BC3-D25D8C34F99C}.Release|Any CPU.Build.0 = Release|Any CPU
	EndGlobalSection
	GlobalSection(SolutionProperties) = preSolution
		HideSolutionNode = FALSE
	EndGlobalSection
	GlobalSection(ExtensibilityGlobals) = postSolution
		SolutionGuid = {B6B182D3-EC52-4B32-99AB-932C75844387}
	EndGlobalSection
EndGlobal
